{
  "requires": true,
  "lockfileVersion": 1,
  "dependencies": {
    "add-line-numbers": {
      "version": "1.0.1",
      "resolved": "https://registry.npmjs.org/add-line-numbers/-/add-line-numbers-1.0.1.tgz",
      "integrity": "sha1-SNu96kfb0jTer+rGyTzqb3C0t+M=",
      "requires": {
        "pad-left": "^1.0.2"
      }
    },
    "get-stdin": {
      "version": "8.0.0",
      "resolved": "https://registry.npmjs.org/get-stdin/-/get-stdin-8.0.0.tgz",
      "integrity": "sha512-sY22aA6xchAzprjyqmSEQv4UbAAzRN0L2dQB0NlN5acTTK9Don6nhoc3eAbUnpZiCANAMfd/+40kVdKfFygohg=="
    },
    "left-pad": {
      "version": "1.3.0",
      "resolved": "https://registry.npmjs.org/left-pad/-/left-pad-1.3.0.tgz",
      "integrity": "sha512-XI5MPzVNApjAyhQzphX8BkmKsKUxD4LdyK24iZeQGinBN9yTQT3bFlCBy/aVx2HrNcqQGsdot8ghrjyrvMCoEA=="
    },
    "line-numbers": {
      "version": "0.2.2",
      "resolved": "https://registry.npmjs.org/line-numbers/-/line-numbers-0.2.2.tgz",
      "integrity": "sha1-5qozRECghgG+MDhs/dA0HU+Oth0=",
      "requires": {
        "left-pad": "^1.0.1"
      }
    },
    "pad-left": {
      "version": "1.0.2",
      "resolved": "https://registry.npmjs.org/pad-left/-/pad-left-1.0.2.tgz",
      "integrity": "sha1-GeVzXqmDlaJs7carkm6tEPMQDUw=",
      "requires": {
        "repeat-string": "^1.3.0"
      }
    },
    "repeat-string": {
      "version": "1.6.1",
      "resolved": "https://registry.npmjs.org/repeat-string/-/repeat-string-1.6.1.tgz",
      "integrity": "sha1-jcrkcOHIirwtYA//Sndihtp15jc="
    }
  }
}
